
Microsoft Visual Studio Solution File, Format Version 12.00
# Visual Studio Version 16
VisualStudioVersion = 16.0.30114.105
MinimumVisualStudioVersion = 10.0.40219.1
Project("{FAE04EC0-301F-11D3-BF4B-00C04F79EFBC}") = "FastApp_MVCCore", "FastApp_MVCCore\FastApp_MVCCore.csproj", "{5F1D76F7-0693-41AD-AE72-1CC28AC5D664}"
EndProject
Global
	GlobalSection(SolutionConfigurationPlatforms) = preSolution
		Debug|Any CPU = Debug|Any CPU
		Release|Any CPU = Release|Any CPU
	EndGlobalSection
	GlobalSection(ProjectConfigurationPlatforms) = postSolution
		{5F1D76F7-0693-41AD-AE72-1CC28AC5D664}.Debug|Any CPU.ActiveCfg = Debug|Any CPU
		{5F1D76F7-0693-41AD-AE72-1CC28AC5D664}.Debug|Any CPU.Build.0 = Debug|Any CPU
		{5F1D76F7-0693-41AD-AE72-1CC28AC5D664}.Release|Any CPU.ActiveCfg = Release|Any CPU
		{5F1D76F7-0693-41AD-AE72-1CC28AC5D664}.Release|Any CPU.Build.0 = Release|Any CPU
	EndGlobalSection
	GlobalSection(SolutionProperties) = preSolution
		HideSolutionNode = FALSE
	EndGlobalSection
	GlobalSection(ExtensibilityGlobals) = postSolution
		SolutionGuid = {276A72E6-6A39-489A-8C1C-58B89F3F112B}
	EndGlobalSection
EndGlobal
